
Microsoft Visual Studio Solution File, Format Version 12.00
# Visual Studio 15
VisualStudioVersion = 15.0.26730.15
MinimumVisualStudioVersion = 10.0.40219.1
Project("{FAE04EC0-301F-11D3-BF4B-00C04F79EFBC}") = "Test.UI", "Test.UI\Test.UI.csproj", "{7CB5C5C3-F88F-469B-8063-376E0E891E9D}"
EndProject
Global
	GlobalSection(SolutionConfigurationPlatforms) = preSolution
		Debug|Any CPU = Debug|Any CPU
		Release|Any CPU = Release|Any CPU
	EndGlobalSection
	GlobalSection(ProjectConfigurationPlatforms) = postSolution
		{7CB5C5C3-F88F-469B-8063-376E0E891E9D}.Debug|Any CPU.ActiveCfg = Debug|Any CPU
		{7CB5C5C3-F88F-469B-8063-376E0E891E9D}.Debug|Any CPU.Build.0 = Debug|Any CPU
		{7CB5C5C3-F88F-469B-8063-376E0E891E9D}.Release|Any CPU.ActiveCfg = Release|Any CPU
		{7CB5C5C3-F88F-469B-8063-376E0E891E9D}.Release|Any CPU.Build.0 = Release|Any CPU
	EndGlobalSection
	GlobalSection(SolutionProperties) = preSolution
		HideSolutionNode = FALSE
	EndGlobalSection
	GlobalSection(ExtensibilityGlobals) = postSolution
		SolutionGuid = {29F4A733-2CB7-4016-A06A-6E76C6CC25E4}
	EndGlobalSection
EndGlobal
